
Microsoft Visual Studio Solution File, Format Version 12.00
# Visual Studio Version 17
VisualStudioVersion = 17.4.33122.133
MinimumVisualStudioVersion = 10.0.40219.1
Project("{FAE04EC0-301F-11D3-BF4B-00C04F79EFBC}") = "DZ-13-6", "DZ-13-6\DZ-13-6.csproj", "{49612558-38E4-4B15-83E3-7E800B93A206}"
EndProject
Global
	GlobalSection(SolutionConfigurationPlatforms) = preSolution
		Debug|Any CPU = Debug|Any CPU
		Release|Any CPU = Release|Any CPU
	EndGlobalSection
	GlobalSection(ProjectConfigurationPlatforms) = postSolution
		{49612558-38E4-4B15-83E3-7E800B93A206}.Debug|Any CPU.ActiveCfg = Debug|Any CPU
		{49612558-38E4-4B15-83E3-7E800B93A206}.Debug|Any CPU.Build.0 = Debug|Any CPU
		{49612558-38E4-4B15-83E3-7E800B93A206}.Release|Any CPU.ActiveCfg = Release|Any CPU
		{49612558-38E4-4B15-83E3-7E800B93A206}.Release|Any CPU.Build.0 = Release|Any CPU
	EndGlobalSection
	GlobalSection(SolutionProperties) = preSolution
		HideSolutionNode = FALSE
	EndGlobalSection
	GlobalSection(ExtensibilityGlobals) = postSolution
		SolutionGuid = {6A5DD960-4357-4BA0-B05B-A6411EF84A1B}
	EndGlobalSection
EndGlobal
