
Microsoft Visual Studio Solution File, Format Version 12.00
# Visual Studio Version 17
VisualStudioVersion = 17.3.32825.248
MinimumVisualStudioVersion = 10.0.40219.1
Project("{FAE04EC0-301F-11D3-BF4B-00C04F79EFBC}") = "DZ-7-2", "DZ-7-2.csproj", "{5E648B7F-A10D-44E6-B4DA-05F5F1CFEBA0}"
EndProject
Global
	GlobalSection(SolutionConfigurationPlatforms) = preSolution
		Debug|Any CPU = Debug|Any CPU
		Release|Any CPU = Release|Any CPU
	EndGlobalSection
	GlobalSection(ProjectConfigurationPlatforms) = postSolution
		{5E648B7F-A10D-44E6-B4DA-05F5F1CFEBA0}.Debug|Any CPU.ActiveCfg = Debug|Any CPU
		{5E648B7F-A10D-44E6-B4DA-05F5F1CFEBA0}.Debug|Any CPU.Build.0 = Debug|Any CPU
		{5E648B7F-A10D-44E6-B4DA-05F5F1CFEBA0}.Release|Any CPU.ActiveCfg = Release|Any CPU
		{5E648B7F-A10D-44E6-B4DA-05F5F1CFEBA0}.Release|Any CPU.Build.0 = Release|Any CPU
	EndGlobalSection
	GlobalSection(SolutionProperties) = preSolution
		HideSolutionNode = FALSE
	EndGlobalSection
	GlobalSection(ExtensibilityGlobals) = postSolution
		SolutionGuid = {3C88F650-444A-4174-9FB0-C4923E479F86}
	EndGlobalSection
EndGlobal
