
Microsoft Visual Studio Solution File, Format Version 12.00
# Visual Studio Version 17
VisualStudioVersion = 17.3.32825.248
MinimumVisualStudioVersion = 10.0.40219.1
Project("{FAE04EC0-301F-11D3-BF4B-00C04F79EFBC}") = "DZ-10-1-2-3", "DZ-10-1-2-3.csproj", "{F4AD3CFF-1AAC-4D9A-BB90-9EAA3DF1B211}"
EndProject
Global
	GlobalSection(SolutionConfigurationPlatforms) = preSolution
		Debug|Any CPU = Debug|Any CPU
		Release|Any CPU = Release|Any CPU
	EndGlobalSection
	GlobalSection(ProjectConfigurationPlatforms) = postSolution
		{F4AD3CFF-1AAC-4D9A-BB90-9EAA3DF1B211}.Debug|Any CPU.ActiveCfg = Debug|Any CPU
		{F4AD3CFF-1AAC-4D9A-BB90-9EAA3DF1B211}.Debug|Any CPU.Build.0 = Debug|Any CPU
		{F4AD3CFF-1AAC-4D9A-BB90-9EAA3DF1B211}.Release|Any CPU.ActiveCfg = Release|Any CPU
		{F4AD3CFF-1AAC-4D9A-BB90-9EAA3DF1B211}.Release|Any CPU.Build.0 = Release|Any CPU
	EndGlobalSection
	GlobalSection(SolutionProperties) = preSolution
		HideSolutionNode = FALSE
	EndGlobalSection
	GlobalSection(ExtensibilityGlobals) = postSolution
		SolutionGuid = {C6CD24E1-6A25-446A-AB8B-674EF2B17C13}
	EndGlobalSection
EndGlobal
