
Microsoft Visual Studio Solution File, Format Version 12.00
# Visual Studio Version 17
VisualStudioVersion = 17.3.32825.248
MinimumVisualStudioVersion = 10.0.40219.1
Project("{FAE04EC0-301F-11D3-BF4B-00C04F79EFBC}") = "DZ12-3", "DZ12-3.csproj", "{23AA7FDE-F931-4D83-BA1A-A51CA99BDF64}"
EndProject
Global
	GlobalSection(SolutionConfigurationPlatforms) = preSolution
		Debug|Any CPU = Debug|Any CPU
		Release|Any CPU = Release|Any CPU
	EndGlobalSection
	GlobalSection(ProjectConfigurationPlatforms) = postSolution
		{23AA7FDE-F931-4D83-BA1A-A51CA99BDF64}.Debug|Any CPU.ActiveCfg = Debug|Any CPU
		{23AA7FDE-F931-4D83-BA1A-A51CA99BDF64}.Debug|Any CPU.Build.0 = Debug|Any CPU
		{23AA7FDE-F931-4D83-BA1A-A51CA99BDF64}.Release|Any CPU.ActiveCfg = Release|Any CPU
		{23AA7FDE-F931-4D83-BA1A-A51CA99BDF64}.Release|Any CPU.Build.0 = Release|Any CPU
	EndGlobalSection
	GlobalSection(SolutionProperties) = preSolution
		HideSolutionNode = FALSE
	EndGlobalSection
	GlobalSection(ExtensibilityGlobals) = postSolution
		SolutionGuid = {36AC0235-C9EB-4CB2-ABD8-5C62BF45DC8E}
	EndGlobalSection
EndGlobal
