
Microsoft Visual Studio Solution File, Format Version 12.00
# Visual Studio Version 17
VisualStudioVersion = 17.3.32825.248
MinimumVisualStudioVersion = 10.0.40219.1
Project("{FAE04EC0-301F-11D3-BF4B-00C04F79EFBC}") = "DZ - 8-1", "DZ - 8-1.csproj", "{AFB3805C-F212-4432-961A-AD8CC8526423}"
EndProject
Global
	GlobalSection(SolutionConfigurationPlatforms) = preSolution
		Debug|Any CPU = Debug|Any CPU
		Release|Any CPU = Release|Any CPU
	EndGlobalSection
	GlobalSection(ProjectConfigurationPlatforms) = postSolution
		{AFB3805C-F212-4432-961A-AD8CC8526423}.Debug|Any CPU.ActiveCfg = Debug|Any CPU
		{AFB3805C-F212-4432-961A-AD8CC8526423}.Debug|Any CPU.Build.0 = Debug|Any CPU
		{AFB3805C-F212-4432-961A-AD8CC8526423}.Release|Any CPU.ActiveCfg = Release|Any CPU
		{AFB3805C-F212-4432-961A-AD8CC8526423}.Release|Any CPU.Build.0 = Release|Any CPU
	EndGlobalSection
	GlobalSection(SolutionProperties) = preSolution
		HideSolutionNode = FALSE
	EndGlobalSection
	GlobalSection(ExtensibilityGlobals) = postSolution
		SolutionGuid = {B9046251-85C9-4731-BB69-7737F073B8CE}
	EndGlobalSection
EndGlobal
