
Microsoft Visual Studio Solution File, Format Version 12.00
# Visual Studio Version 17
VisualStudioVersion = 17.3.32825.248
MinimumVisualStudioVersion = 10.0.40219.1
Project("{FAE04EC0-301F-11D3-BF4B-00C04F79EFBC}") = "DZ-10-4", "DZ-10-4.csproj", "{4AF6B9A0-F67A-4A06-AC99-90EEE1CA6DC1}"
EndProject
Global
	GlobalSection(SolutionConfigurationPlatforms) = preSolution
		Debug|Any CPU = Debug|Any CPU
		Release|Any CPU = Release|Any CPU
	EndGlobalSection
	GlobalSection(ProjectConfigurationPlatforms) = postSolution
		{4AF6B9A0-F67A-4A06-AC99-90EEE1CA6DC1}.Debug|Any CPU.ActiveCfg = Debug|Any CPU
		{4AF6B9A0-F67A-4A06-AC99-90EEE1CA6DC1}.Debug|Any CPU.Build.0 = Debug|Any CPU
		{4AF6B9A0-F67A-4A06-AC99-90EEE1CA6DC1}.Release|Any CPU.ActiveCfg = Release|Any CPU
		{4AF6B9A0-F67A-4A06-AC99-90EEE1CA6DC1}.Release|Any CPU.Build.0 = Release|Any CPU
	EndGlobalSection
	GlobalSection(SolutionProperties) = preSolution
		HideSolutionNode = FALSE
	EndGlobalSection
	GlobalSection(ExtensibilityGlobals) = postSolution
		SolutionGuid = {92E41F2C-9348-4E21-8142-83D12B181BAE}
	EndGlobalSection
EndGlobal
